
Microsoft Visual Studio Solution File, Format Version 12.00
# Visual Studio Version 17
VisualStudioVersion = 17.0.31903.59
MinimumVisualStudioVersion = 10.0.40219.1
Project("{FAE04EC0-301F-11D3-BF4B-00C04F79EFBC}") = "Movies.API", "Movies.API\Movies.API.csproj", "{47081456-39D5-4F76-8638-C81F064D7437}"
EndProject
Project("{FAE04EC0-301F-11D3-BF4B-00C04F79EFBC}") = "Movies.Loader.CLI", "Movies.Loader.CLI\Movies.Loader.CLI.csproj", "{94A2D3B0-3C7E-4486-AB52-0F6B4697EC6B}"
EndProject
Global
	GlobalSection(SolutionConfigurationPlatforms) = preSolution
		Debug|Any CPU = Debug|Any CPU
		Release|Any CPU = Release|Any CPU
	EndGlobalSection
	GlobalSection(SolutionProperties) = preSolution
		HideSolutionNode = FALSE
	EndGlobalSection
	GlobalSection(ProjectConfigurationPlatforms) = postSolution
		{47081456-39D5-4F76-8638-C81F064D7437}.Debug|Any CPU.ActiveCfg = Debug|Any CPU
		{47081456-39D5-4F76-8638-C81F064D7437}.Debug|Any CPU.Build.0 = Debug|Any CPU
		{47081456-39D5-4F76-8638-C81F064D7437}.Release|Any CPU.ActiveCfg = Release|Any CPU
		{47081456-39D5-4F76-8638-C81F064D7437}.Release|Any CPU.Build.0 = Release|Any CPU
		{94A2D3B0-3C7E-4486-AB52-0F6B4697EC6B}.Debug|Any CPU.ActiveCfg = Debug|Any CPU
		{94A2D3B0-3C7E-4486-AB52-0F6B4697EC6B}.Debug|Any CPU.Build.0 = Debug|Any CPU
		{94A2D3B0-3C7E-4486-AB52-0F6B4697EC6B}.Release|Any CPU.ActiveCfg = Release|Any CPU
		{94A2D3B0-3C7E-4486-AB52-0F6B4697EC6B}.Release|Any CPU.Build.0 = Release|Any CPU
	EndGlobalSection
EndGlobal
